
Microsoft Visual Studio Solution File, Format Version 12.00
# Visual Studio Version 16
VisualStudioVersion = 16.0.31515.178
MinimumVisualStudioVersion = 10.0.40219.1
Project("{2150E333-8FDC-42A3-9474-1A3956D46DE8}") = "Solution Items", "Solution Items", "{87AC6436-EAC1-4AA3-853E-23B72CD5FA36}"
EndProject
Project("{FAE04EC0-301F-11D3-BF4B-00C04F79EFBC}") = "halproject_core", "halproject_core\halproject_core.csproj", "{C65AE439-E7BE-470F-9CCE-359F73E560CA}"
EndProject
Project("{FAE04EC0-301F-11D3-BF4B-00C04F79EFBC}") = "halproject_api", "halproject_api\halproject_api.csproj", "{A204A59C-8D08-43BE-B69F-A2E3F65B9504}"
EndProject
Project("{FAE04EC0-301F-11D3-BF4B-00C04F79EFBC}") = "halproject_client", "halproject_client\halproject_client.csproj", "{93700730-ACAB-4B5A-910F-6B8200D40B0D}"
EndProject
Global
	GlobalSection(SolutionConfigurationPlatforms) = preSolution
		Debug|Any CPU = Debug|Any CPU
		Release|Any CPU = Release|Any CPU
	EndGlobalSection
	GlobalSection(ProjectConfigurationPlatforms) = postSolution
		{C65AE439-E7BE-470F-9CCE-359F73E560CA}.Debug|Any CPU.ActiveCfg = Debug|Any CPU
		{C65AE439-E7BE-470F-9CCE-359F73E560CA}.Debug|Any CPU.Build.0 = Debug|Any CPU
		{C65AE439-E7BE-470F-9CCE-359F73E560CA}.Release|Any CPU.ActiveCfg = Release|Any CPU
		{C65AE439-E7BE-470F-9CCE-359F73E560CA}.Release|Any CPU.Build.0 = Release|Any CPU
		{A204A59C-8D08-43BE-B69F-A2E3F65B9504}.Debug|Any CPU.ActiveCfg = Debug|Any CPU
		{A204A59C-8D08-43BE-B69F-A2E3F65B9504}.Debug|Any CPU.Build.0 = Debug|Any CPU
		{A204A59C-8D08-43BE-B69F-A2E3F65B9504}.Release|Any CPU.ActiveCfg = Release|Any CPU
		{A204A59C-8D08-43BE-B69F-A2E3F65B9504}.Release|Any CPU.Build.0 = Release|Any CPU
		{93700730-ACAB-4B5A-910F-6B8200D40B0D}.Debug|Any CPU.ActiveCfg = Debug|Any CPU
		{93700730-ACAB-4B5A-910F-6B8200D40B0D}.Debug|Any CPU.Build.0 = Debug|Any CPU
		{93700730-ACAB-4B5A-910F-6B8200D40B0D}.Release|Any CPU.ActiveCfg = Release|Any CPU
		{93700730-ACAB-4B5A-910F-6B8200D40B0D}.Release|Any CPU.Build.0 = Release|Any CPU
	EndGlobalSection
	GlobalSection(SolutionProperties) = preSolution
		HideSolutionNode = FALSE
	EndGlobalSection
	GlobalSection(ExtensibilityGlobals) = postSolution
		SolutionGuid = {3E050E7F-54C2-4DFC-98AF-18108CDF264F}
	EndGlobalSection
EndGlobal
